
Microsoft Visual Studio Solution File, Format Version 12.00
# Visual Studio 15
VisualStudioVersion = 15.0.26124.0
MinimumVisualStudioVersion = 15.0.26124.0
Project("{2150E333-8FDC-42A3-9474-1A3956D46DE8}") = "domain", "domain", "{DC76D8E0-7A95-44CB-A263-A6A2979435A5}"
EndProject
Project("{FAE04EC0-301F-11D3-BF4B-00C04F79EFBC}") = "store", "domain\store\store.csproj", "{07DD6D98-FB62-4B96-9C3E-536CF3F06682}"
EndProject
Global
	GlobalSection(SolutionConfigurationPlatforms) = preSolution
		Debug|Any CPU = Debug|Any CPU
		Debug|x64 = Debug|x64
		Debug|x86 = Debug|x86
		Release|Any CPU = Release|Any CPU
		Release|x64 = Release|x64
		Release|x86 = Release|x86
	EndGlobalSection
	GlobalSection(SolutionProperties) = preSolution
		HideSolutionNode = FALSE
	EndGlobalSection
	GlobalSection(ProjectConfigurationPlatforms) = postSolution
		{07DD6D98-FB62-4B96-9C3E-536CF3F06682}.Debug|Any CPU.ActiveCfg = Debug|Any CPU
		{07DD6D98-FB62-4B96-9C3E-536CF3F06682}.Debug|Any CPU.Build.0 = Debug|Any CPU
		{07DD6D98-FB62-4B96-9C3E-536CF3F06682}.Debug|x64.ActiveCfg = Debug|Any CPU
		{07DD6D98-FB62-4B96-9C3E-536CF3F06682}.Debug|x64.Build.0 = Debug|Any CPU
		{07DD6D98-FB62-4B96-9C3E-536CF3F06682}.Debug|x86.ActiveCfg = Debug|Any CPU
		{07DD6D98-FB62-4B96-9C3E-536CF3F06682}.Debug|x86.Build.0 = Debug|Any CPU
		{07DD6D98-FB62-4B96-9C3E-536CF3F06682}.Release|Any CPU.ActiveCfg = Release|Any CPU
		{07DD6D98-FB62-4B96-9C3E-536CF3F06682}.Release|Any CPU.Build.0 = Release|Any CPU
		{07DD6D98-FB62-4B96-9C3E-536CF3F06682}.Release|x64.ActiveCfg = Release|Any CPU
		{07DD6D98-FB62-4B96-9C3E-536CF3F06682}.Release|x64.Build.0 = Release|Any CPU
		{07DD6D98-FB62-4B96-9C3E-536CF3F06682}.Release|x86.ActiveCfg = Release|Any CPU
		{07DD6D98-FB62-4B96-9C3E-536CF3F06682}.Release|x86.Build.0 = Release|Any CPU
	EndGlobalSection
	GlobalSection(NestedProjects) = preSolution
		{07DD6D98-FB62-4B96-9C3E-536CF3F06682} = {DC76D8E0-7A95-44CB-A263-A6A2979435A5}
	EndGlobalSection
EndGlobal
